// !$*UTF8*$!
{
	archiveVersion = 1;
	classes = {
	};
	objectVersion = 77;
	objects = {

/* Begin PBXContainerItemProxy section */
		D6F034E62CAC5EE400773870 /* PBXContainerItemProxy */ = {
			isa = PBXContainerItemProxy;
			containerPortal = D6F034CD2CAC5EE200773870 /* Project object */;
			proxyType = 1;
			remoteGlobalIDString = D6F034D42CAC5EE200773870;
			remoteInfo = "Weather-Swift";
		};
		D6F034F02CAC5EE400773870 /* PBXContainerItemProxy */ = {
			isa = PBXContainerItemProxy;
			containerPortal = D6F034CD2CAC5EE200773870 /* Project object */;
			proxyType = 1;
			remoteGlobalIDString = D6F034D42CAC5EE200773870;
			remoteInfo = "Weather-Swift";
		};
/* End PBXContainerItemProxy section */

/* Begin PBXFileReference section */
		D6F034D52CAC5EE200773870 /* Weather-Swift.app */ = {isa = PBXFileReference; explicitFileType = wrapper.application; includeInIndex = 0; path = "Weather-Swift.app"; sourceTree = BUILT_PRODUCTS_DIR; };
		D6F034E52CAC5EE400773870 /* Weather-SwiftTests.xctest */ = {isa = PBXFileReference; explicitFileType = wrapper.cfbundle; includeInIndex = 0; path = "Weather-SwiftTests.xctest"; sourceTree = BUILT_PRODUCTS_DIR; };
		D6F034EF2CAC5EE400773870 /* Weather-SwiftUITests.xctest */ = {isa = PBXFileReference; explicitFileType = wrapper.cfbundle; includeInIndex = 0; path = "Weather-SwiftUITests.xctest"; sourceTree = BUILT_PRODUCTS_DIR; };
/* End PBXFileReference section */

/* Begin PBXFileSystemSynchronizedRootGroup section */
		D6F034D72CAC5EE200773870 /* Weather-Swift */ = {
			isa = PBXFileSystemSynchronizedRootGroup;
			path = "Weather-Swift";
			sourceTree = "<group>";
		};
		D6F034E82CAC5EE400773870 /* Weather-SwiftTests */ = {
			isa = PBXFileSystemSynchronizedRootGroup;
			path = "Weather-SwiftTests";
			sourceTree = "<group>";
		};
		D6F034F22CAC5EE400773870 /* Weather-SwiftUITests */ = {
			isa = PBXFileSystemSynchronizedRootGroup;
			path = "Weather-SwiftUITests";
			sourceTree = "<group>";
		};
/* End PBXFileSystemSynchronizedRootGroup section */

/* Begin PBXFrameworksBuildPhase section */
		D6F034D22CAC5EE200773870 /* Frameworks */ = {
			isa = PBXFrameworksBuildPhase;
			buildActionMask = 2147483647;
			files = (
			);
			runOnlyForDeploymentPostprocessing = 0;
		};
		D6F034E22CAC5EE400773870 /* Frameworks */ = {
			isa = PBXFrameworksBuildPhase;
			buildActionMask = 2147483647;
			files = (
			);
			runOnlyForDeploymentPostprocessing = 0;
		};
		D6F034EC2CAC5EE400773870 /* Frameworks */ = {
			isa = PBXFrameworksBuildPhase;
			buildActionMask = 2147483647;
			files = (
			);
			runOnlyForDeploymentPostprocessing = 0;
		};
/* End PBXFrameworksBuildPhase section */

/* Begin PBXGroup section */
		D6F034CC2CAC5EE200773870 = {
			isa = PBXGroup;
			children = (
				D6F034D72CAC5EE200773870 /* Weather-Swift */,
				D6F034E82CAC5EE400773870 /* Weather-SwiftTests */,
				D6F034F22CAC5EE400773870 /* Weather-SwiftUITests */,
				D6F034D62CAC5EE200773870 /* Products */,
			);
			sourceTree = "<group>";
		};
		D6F034D62CAC5EE200773870 /* Products */ = {
			isa = PBXGroup;
			children = (
				D6F034D52CAC5EE200773870 /* Weather-Swift.app */,
				D6F034E52CAC5EE400773870 /* Weather-SwiftTests.xctest */,
				D6F034EF2CAC5EE400773870 /* Weather-SwiftUITests.xctest */,
			);
			name = Products;
			sourceTree = "<group>";
		};
/* End PBXGroup section */

/* Begin PBXNativeTarget section */
		D6F034D42CAC5EE200773870 /* Weather-Swift */ = {
			isa = PBXNativeTarget;
			buildConfigurationList = D6F034F92CAC5EE400773870 /* Build configuration list for PBXNativeTarget "Weather-Swift" */;
			buildPhases = (
				D6F034D12CAC5EE200773870 /* Sources */,
				D6F034D22CAC5EE200773870 /* Frameworks */,
				D6F034D32CAC5EE200773870 /* Resources */,
			);
			buildRules = (
			);
			dependencies = (
			);
			fileSystemSynchronizedGroups = (
				D6F034D72CAC5EE200773870 /* Weather-Swift */,
			);
			name = "Weather-Swift";
			packageProductDependencies = (
			);
			productName = "Weather-Swift";
			productReference = D6F034D52CAC5EE200773870 /* Weather-Swift.app */;
			productType = "com.apple.product-type.application";
		};
		D6F034E42CAC5EE400773870 /* Weather-SwiftTests */ = {
			isa = PBXNativeTarget;
			buildConfigurationList = D6F034FC2CAC5EE400773870 /* Build configuration list for PBXNativeTarget "Weather-SwiftTests" */;
			buildPhases = (
				D6F034E12CAC5EE400773870 /* Sources */,
				D6F034E22CAC5EE400773870 /* Frameworks */,
				D6F034E32CAC5EE400773870 /* Resources */,
			);
			buildRules = (
			);
			dependencies = (
				D6F034E72CAC5EE400773870 /* PBXTargetDependency */,
			);
			fileSystemSynchronizedGroups = (
				D6F034E82CAC5EE400773870 /* Weather-SwiftTests */,
			);
			name = "Weather-SwiftTests";
			packageProductDependencies = (
			);
			productName = "Weather-SwiftTests";
			productReference = D6F034E52CAC5EE400773870 /* Weather-SwiftTests.xctest */;
			productType = "com.apple.product-type.bundle.unit-test";
		};
		D6F034EE2CAC5EE400773870 /* Weather-SwiftUITests */ = {
			isa = PBXNativeTarget;
			buildConfigurationList = D6F034FF2CAC5EE400773870 /* Build configuration list for PBXNativeTarget "Weather-SwiftUITests" */;
			buildPhases = (
				D6F034EB2CAC5EE400773870 /* Sources */,
				D6F034EC2CAC5EE400773870 /* Frameworks */,
				D6F034ED2CAC5EE400773870 /* Resources */,
			);
			buildRules = (
			);
			dependencies = (
				D6F034F12CAC5EE400773870 /* PBXTargetDependency */,
			);
			fileSystemSynchronizedGroups = (
				D6F034F22CAC5EE400773870 /* Weather-SwiftUITests */,
			);
			name = "Weather-SwiftUITests";
			packageProductDependencies = (
			);
			productName = "Weather-SwiftUITests";
			productReference = D6F034EF2CAC5EE400773870 /* Weather-SwiftUITests.xctest */;
			productType = "com.apple.product-type.bundle.ui-testing";
		};
/* End PBXNativeTarget section */

/* Begin PBXProject section */
		D6F034CD2CAC5EE200773870 /* Project object */ = {
			isa = PBXProject;
			attributes = {
				BuildIndependentTargetsInParallel = 1;
				LastSwiftUpdateCheck = 1600;
				LastUpgradeCheck = 1600;
				TargetAttributes = {
					D6F034D42CAC5EE200773870 = {
						CreatedOnToolsVersion = 16.0;
					};
					D6F034E42CAC5EE400773870 = {
						CreatedOnToolsVersion = 16.0;
						TestTargetID = D6F034D42CAC5EE200773870;
					};
					D6F034EE2CAC5EE400773870 = {
						CreatedOnToolsVersion = 16.0;
						TestTargetID = D6F034D42CAC5EE200773870;
					};
				};
			};
			buildConfigurationList = D6F034D02CAC5EE200773870 /* Build configuration list for PBXProject "Weather-Swift" */;
			developmentRegion = en;
			hasScannedForEncodings = 0;
			knownRegions = (
				en,
				Base,
			);
			mainGroup = D6F034CC2CAC5EE200773870;
			minimizedProjectReferenceProxies = 1;
			preferredProjectObjectVersion = 77;
			productRefGroup = D6F034D62CAC5EE200773870 /* Products */;
			projectDirPath = "";
			projectRoot = "";
			targets = (
				D6F034D42CAC5EE200773870 /* Weather-Swift */,
				D6F034E42CAC5EE400773870 /* Weather-SwiftTests */,
				D6F034EE2CAC5EE400773870 /* Weather-SwiftUITests */,
			);
		};
/* End PBXProject section */

/* Begin PBXResourcesBuildPhase section */
		D6F034D32CAC5EE200773870 /* Resources */ = {
			isa = PBXResourcesBuildPhase;
			buildActionMask = 2147483647;
			files = (
			);
			runOnlyForDeploymentPostprocessing = 0;
		};
		D6F034E32CAC5EE400773870 /* Resources */ = {
			isa = PBXResourcesBuildPhase;
			buildActionMask = 2147483647;
			files = (
			);
			runOnlyForDeploymentPostprocessing = 0;
		};
		D6F034ED2CAC5EE400773870 /* Resources */ = {
			isa = PBXResourcesBuildPhase;
			buildActionMask = 2147483647;
			files = (
			);
			runOnlyForDeploymentPostprocessing = 0;
		};
/* End PBXResourcesBuildPhase section */

/* Begin PBXSourcesBuildPhase section */
		D6F034D12CAC5EE200773870 /* Sources */ = {
			isa = PBXSourcesBuildPhase;
			buildActionMask = 2147483647;
			files = (
			);
			runOnlyForDeploymentPostprocessing = 0;
		};
		D6F034E12CAC5EE400773870 /* Sources */ = {
			isa = PBXSourcesBuildPhase;
			buildActionMask = 2147483647;
			files = (
			);
			runOnlyForDeploymentPostprocessing = 0;
		};
		D6F034EB2CAC5EE400773870 /* Sources */ = {
			isa = PBXSourcesBuildPhase;
			buildActionMask = 2147483647;
			files = (
			);
			runOnlyForDeploymentPostprocessing = 0;
		};
/* End PBXSourcesBuildPhase section */

/* Begin PBXTargetDependency section */
		D6F034E72CAC5EE400773870 /* PBXTargetDependency */ = {
			isa = PBXTargetDependency;
			target = D6F034D42CAC5EE200773870 /* Weather-Swift */;
			targetProxy = D6F034E62CAC5EE400773870 /* PBXContainerItemProxy */;
		};
		D6F034F12CAC5EE400773870 /* PBXTargetDependency */ = {
			isa = PBXTargetDependency;
			target = D6F034D42CAC5EE200773870 /* Weather-Swift */;
			targetProxy = D6F034F02CAC5EE400773870 /* PBXContainerItemProxy */;
		};
/* End PBXTargetDependency section */

/* Begin XCBuildConfiguration section */
		D6F034F72CAC5EE400773870 /* Debug */ = {
			isa = XCBuildConfiguration;
			buildSettings = {
				ALWAYS_SEARCH_USER_PATHS = NO;
				ASSETCATALOG_COMPILER_GENERATE_SWIFT_ASSET_SYMBOL_EXTENSIONS = YES;
				CLANG_ANALYZER_NONNULL = YES;
				CLANG_ANALYZER_NUMBER_OBJECT_CONVERSION = YES_AGGRESSIVE;
				CLANG_CXX_LANGUAGE_STANDARD = "gnu++20";
				CLANG_ENABLE_MODULES = YES;
				CLANG_ENABLE_OBJC_ARC = YES;
				CLANG_ENABLE_OBJC_WEAK = YES;
				CLANG_WARN_BLOCK_CAPTURE_AUTORELEASING = YES;
				CLANG_WARN_BOOL_CONVERSION = YES;
				CLANG_WARN_COMMA = YES;
				CLANG_WARN_CONSTANT_CONVERSION = YES;
				CLANG_WARN_DEPRECATED_OBJC_IMPLEMENTATIONS = YES;
				CLANG_WARN_DIRECT_OBJC_ISA_USAGE = YES_ERROR;
				CLANG_WARN_DOCUMENTATION_COMMENTS = YES;
				CLANG_WARN_EMPTY_BODY = YES;
				CLANG_WARN_ENUM_CONVERSION = YES;
				CLANG_WARN_INFINITE_RECURSION = YES;
				CLANG_WARN_INT_CONVERSION = YES;
				CLANG_WARN_NON_LITERAL_NULL_CONVERSION = YES;
				CLANG_WARN_OBJC_IMPLICIT_RETAIN_SELF = YES;
				CLANG_WARN_OBJC_LITERAL_CONVERSION = YES;
				CLANG_WARN_OBJC_ROOT_CLASS = YES_ERROR;
				CLANG_WARN_QUOTED_INCLUDE_IN_FRAMEWORK_HEADER = YES;
				CLANG_WARN_RANGE_LOOP_ANALYSIS = YES;
				CLANG_WARN_STRICT_PROTOTYPES = YES;
				CLANG_WARN_SUSPICIOUS_MOVE = YES;
				CLANG_WARN_UNGUARDED_AVAILABILITY = YES_AGGRESSIVE;
				CLANG_WARN_UNREACHABLE_CODE = YES;
				CLANG_WARN__DUPLICATE_METHOD_MATCH = YES;
				COPY_PHASE_STRIP = NO;
				DEBUG_INFORMATION_FORMAT = dwarf;
				ENABLE_STRICT_OBJC_MSGSEND = YES;
				ENABLE_TESTABILITY = YES;
				ENABLE_USER_SCRIPT_SANDBOXING = YES;
				GCC_C_LANGUAGE_STANDARD = gnu17;
				GCC_DYNAMIC_NO_PIC = NO;
				GCC_NO_COMMON_BLOCKS = YES;
				GCC_OPTIMIZATION_LEVEL = 0;
				GCC_PREPROCESSOR_DEFINITIONS = (
					"DEBUG=1",
					"$(inherited)",
				);
				GCC_WARN_64_TO_32_BIT_CONVERSION = YES;
				GCC_WARN_ABOUT_RETURN_TYPE = YES_ERROR;
				GCC_WARN_UNDECLARED_SELECTOR = YES;
				GCC_WARN_UNINITIALIZED_AUTOS = YES_AGGRESSIVE;
				GCC_WARN_UNUSED_FUNCTION = YES;
				GCC_WARN_UNUSED_VARIABLE = YES;
				IPHONEOS_DEPLOYMENT_TARGET = 18.0;
				LOCALIZATION_PREFERS_STRING_CATALOGS = YES;
				MTL_ENABLE_DEBUG_INFO = INCLUDE_SOURCE;
				MTL_FAST_MATH = YES;
				ONLY_ACTIVE_ARCH = YES;
				SDKROOT = iphoneos;
				SWIFT_ACTIVE_COMPILATION_CONDITIONS = "DEBUG $(inherited)";
				SWIFT_OPTIMIZATION_LEVEL = "-Onone";
			};
			name = Debug;
		};
		D6F034F82CAC5EE400773870 /* Release */ = {
			isa = XCBuildConfiguration;
			buildSettings = {
				ALWAYS_SEARCH_USER_PATHS = NO;
				ASSETCATALOG_COMPILER_GENERATE_SWIFT_ASSET_SYMBOL_EXTENSIONS = YES;
				CLANG_ANALYZER_NONNULL = YES;
				CLANG_ANALYZER_NUMBER_OBJECT_CONVERSION = YES_AGGRESSIVE;
				CLANG_CXX_LANGUAGE_STANDARD = "gnu++20";
				CLANG_ENABLE_MODULES = YES;
				CLANG_ENABLE_OBJC_ARC = YES;
				CLANG_ENABLE_OBJC_WEAK = YES;
				CLANG_WARN_BLOCK_CAPTURE_AUTORELEASING = YES;
				CLANG_WARN_BOOL_CONVERSION = YES;
				CLANG_WARN_COMMA = YES;
				CLANG_WARN_CONSTANT_CONVERSION = YES;
				CLANG_WARN_DEPRECATED_OBJC_IMPLEMENTATIONS = YES;
				CLANG_WARN_DIRECT_OBJC_ISA_USAGE = YES_ERROR;
				CLANG_WARN_DOCUMENTATION_COMMENTS = YES;
				CLANG_WARN_EMPTY_BODY = YES;
				CLANG_WARN_ENUM_CONVERSION = YES;
				CLANG_WARN_INFINITE_RECURSION = YES;
				CLANG_WARN_INT_CONVERSION = YES;
				CLANG_WARN_NON_LITERAL_NULL_CONVERSION = YES;
				CLANG_WARN_OBJC_IMPLICIT_RETAIN_SELF = YES;
				CLANG_WARN_OBJC_LITERAL_CONVERSION = YES;
				CLANG_WARN_OBJC_ROOT_CLASS = YES_ERROR;
				CLANG_WARN_QUOTED_INCLUDE_IN_FRAMEWORK_HEADER = YES;
				CLANG_WARN_RANGE_LOOP_ANALYSIS = YES;
				CLANG_WARN_STRICT_PROTOTYPES = YES;
				CLANG_WARN_SUSPICIOUS_MOVE = YES;
				CLANG_WARN_UNGUARDED_AVAILABILITY = YES_AGGRESSIVE;
				CLANG_WARN_UNREACHABLE_CODE = YES;
				CLANG_WARN__DUPLICATE_METHOD_MATCH = YES;
				COPY_PHASE_STRIP = NO;
				DEBUG_INFORMATION_FORMAT = "dwarf-with-dsym";
				ENABLE_NS_ASSERTIONS = NO;
				ENABLE_STRICT_OBJC_MSGSEND = YES;
				ENABLE_USER_SCRIPT_SANDBOXING = YES;
				GCC_C_LANGUAGE_STANDARD = gnu17;
				GCC_NO_COMMON_BLOCKS = YES;
				GCC_WARN_64_TO_32_BIT_CONVERSION = YES;
				GCC_WARN_ABOUT_RETURN_TYPE = YES_ERROR;
				GCC_WARN_UNDECLARED_SELECTOR = YES;
				GCC_WARN_UNINITIALIZED_AUTOS = YES_AGGRESSIVE;
				GCC_WARN_UNUSED_FUNCTION = YES;
				GCC_WARN_UNUSED_VARIABLE = YES;
				IPHONEOS_DEPLOYMENT_TARGET = 18.0;
				LOCALIZATION_PREFERS_STRING_CATALOGS = YES;
				MTL_ENABLE_DEBUG_INFO = NO;
				MTL_FAST_MATH = YES;
				SDKROOT = iphoneos;
				SWIFT_COMPILATION_MODE = wholemodule;
				VALIDATE_PRODUCT = YES;
			};
			name = Release;
		};
		D6F034FA2CAC5EE400773870 /* Debug */ = {
			isa = XCBuildConfiguration;
			buildSettings = {
				ASSETCATALOG_COMPILER_APPICON_NAME = AppIcon;
				ASSETCATALOG_COMPILER_GLOBAL_ACCENT_COLOR_NAME = AccentColor;
				CODE_SIGN_STYLE = Automatic;
				CURRENT_PROJECT_VERSION = 1;
				DEVELOPMENT_ASSET_PATHS = "\"Weather-Swift/Preview Content\"";
				DEVELOPMENT_TEAM = 26R2FD5M89;
				ENABLE_PREVIEWS = YES;
				GENERATE_INFOPLIST_FILE = YES;
				INFOPLIST_KEY_UIApplicationSceneManifest_Generation = YES;
				INFOPLIST_KEY_UIApplicationSupportsIndirectInputEvents = YES;
				INFOPLIST_KEY_UILaunchScreen_Generation = YES;
				INFOPLIST_KEY_UISupportedInterfaceOrientations_iPad = "UIInterfaceOrientationPortrait UIInterfaceOrientationPortraitUpsideDown UIInterfaceOrientationLandscapeLeft UIInterfaceOrientationLandscapeRight";
				INFOPLIST_KEY_UISupportedInterfaceOrientations_iPhone = "UIInterfaceOrientationPortrait UIInterfaceOrientationLandscapeLeft UIInterfaceOrientationLandscapeRight";
				LD_RUNPATH_SEARCH_PATHS = (
					"$(inherited)",
					"@executable_path/Frameworks",
				);
				MARKETING_VERSION = 1.0;
				PRODUCT_BUNDLE_IDENTIFIER = "com.example.Weather-Swift";
				PRODUCT_NAME = "$(TARGET_NAME)";
				SWIFT_EMIT_LOC_STRINGS = YES;
				SWIFT_VERSION = 5.0;
				TARGETED_DEVICE_FAMILY = "1,2";
			};
			name = Debug;
		};
		D6F034FB2CAC5EE400773870 /* Release */ = {
			isa = XCBuildConfiguration;
			buildSettings = {
				ASSETCATALOG_COMPILER_APPICON_NAME = AppIcon;
				ASSETCATALOG_COMPILER_GLOBAL_ACCENT_COLOR_NAME = AccentColor;
				CODE_SIGN_STYLE = Automatic;
				CURRENT_PROJECT_VERSION = 1;
				DEVELOPMENT_ASSET_PATHS = "\"Weather-Swift/Preview Content\"";
				DEVELOPMENT_TEAM = 26R2FD5M89;
				ENABLE_PREVIEWS = YES;
				GENERATE_INFOPLIST_FILE = YES;
				INFOPLIST_KEY_UIApplicationSceneManifest_Generation = YES;
				INFOPLIST_KEY_UIApplicationSupportsIndirectInputEvents = YES;
				INFOPLIST_KEY_UILaunchScreen_Generation = YES;
				INFOPLIST_KEY_UISupportedInterfaceOrientations_iPad = "UIInterfaceOrientationPortrait UIInterfaceOrientationPortraitUpsideDown UIInterfaceOrientationLandscapeLeft UIInterfaceOrientationLandscapeRight";
				INFOPLIST_KEY_UISupportedInterfaceOrientations_iPhone = "UIInterfaceOrientationPortrait UIInterfaceOrientationLandscapeLeft UIInterfaceOrientationLandscapeRight";
				LD_RUNPATH_SEARCH_PATHS = (
					"$(inherited)",
					"@executable_path/Frameworks",
				);
				MARKETING_VERSION = 1.0;
				PRODUCT_BUNDLE_IDENTIFIER = "com.example.Weather-Swift";
				PRODUCT_NAME = "$(TARGET_NAME)";
				SWIFT_EMIT_LOC_STRINGS = YES;
				SWIFT_VERSION = 5.0;
				TARGETED_DEVICE_FAMILY = "1,2";
			};
			name = Release;
		};
		D6F034FD2CAC5EE400773870 /* Debug */ = {
			isa = XCBuildConfiguration;
			buildSettings = {
				BUNDLE_LOADER = "$(TEST_HOST)";
				CODE_SIGN_STYLE = Automatic;
				CURRENT_PROJECT_VERSION = 1;
				DEVELOPMENT_TEAM = 26R2FD5M89;
				GENERATE_INFOPLIST_FILE = YES;
				IPHONEOS_DEPLOYMENT_TARGET = 18.0;
				MARKETING_VERSION = 1.0;
				PRODUCT_BUNDLE_IDENTIFIER = "com.example.Weather-SwiftTests";
				PRODUCT_NAME = "$(TARGET_NAME)";
				SWIFT_EMIT_LOC_STRINGS = NO;
				SWIFT_VERSION = 5.0;
				TARGETED_DEVICE_FAMILY = "1,2";
				TEST_HOST = "$(BUILT_PRODUCTS_DIR)/Weather-Swift.app/$(BUNDLE_EXECUTABLE_FOLDER_PATH)/Weather-Swift";
			};
			name = Debug;
		};
		D6F034FE2CAC5EE400773870 /* Release */ = {
			isa = XCBuildConfiguration;
			buildSettings = {
				BUNDLE_LOADER = "$(TEST_HOST)";
				CODE_SIGN_STYLE = Automatic;
				CURRENT_PROJECT_VERSION = 1;
				DEVELOPMENT_TEAM = 26R2FD5M89;
				GENERATE_INFOPLIST_FILE = YES;
				IPHONEOS_DEPLOYMENT_TARGET = 18.0;
				MARKETING_VERSION = 1.0;
				PRODUCT_BUNDLE_IDENTIFIER = "com.example.Weather-SwiftTests";
				PRODUCT_NAME = "$(TARGET_NAME)";
				SWIFT_EMIT_LOC_STRINGS = NO;
				SWIFT_VERSION = 5.0;
				TARGETED_DEVICE_FAMILY = "1,2";
				TEST_HOST = "$(BUILT_PRODUCTS_DIR)/Weather-Swift.app/$(BUNDLE_EXECUTABLE_FOLDER_PATH)/Weather-Swift";
			};
			name = Release;
		};
		D6F035002CAC5EE400773870 /* Debug */ = {
			isa = XCBuildConfiguration;
			buildSettings = {
				CODE_SIGN_STYLE = Automatic;
				CURRENT_PROJECT_VERSION = 1;
				DEVELOPMENT_TEAM = 26R2FD5M89;
				GENERATE_INFOPLIST_FILE = YES;
				MARKETING_VERSION = 1.0;
				PRODUCT_BUNDLE_IDENTIFIER = "com.example.Weather-SwiftUITests";
				PRODUCT_NAME = "$(TARGET_NAME)";
				SWIFT_EMIT_LOC_STRINGS = NO;
				SWIFT_VERSION = 5.0;
				TARGETED_DEVICE_FAMILY = "1,2";
				TEST_TARGET_NAME = "Weather-Swift";
			};
			name = Debug;
		};
		D6F035012CAC5EE400773870 /* Release */ = {
			isa = XCBuildConfiguration;
			buildSettings = {
				CODE_SIGN_STYLE = Automatic;
				CURRENT_PROJECT_VERSION = 1;
				DEVELOPMENT_TEAM = 26R2FD5M89;
				GENERATE_INFOPLIST_FILE = YES;
				MARKETING_VERSION = 1.0;
				PRODUCT_BUNDLE_IDENTIFIER = "com.example.Weather-SwiftUITests";
				PRODUCT_NAME = "$(TARGET_NAME)";
				SWIFT_EMIT_LOC_STRINGS = NO;
				SWIFT_VERSION = 5.0;
				TARGETED_DEVICE_FAMILY = "1,2";
				TEST_TARGET_NAME = "Weather-Swift";
			};
			name = Release;
		};
/* End XCBuildConfiguration section */

/* Begin XCConfigurationList section */
		D6F034D02CAC5EE200773870 /* Build configuration list for PBXProject "Weather-Swift" */ = {
			isa = XCConfigurationList;
			buildConfigurations = (
				D6F034F72CAC5EE400773870 /* Debug */,
				D6F034F82CAC5EE400773870 /* Release */,
			);
			defaultConfigurationIsVisible = 0;
			defaultConfigurationName = Release;
		};
		D6F034F92CAC5EE400773870 /* Build configuration list for PBXNativeTarget "Weather-Swift" */ = {
			isa = XCConfigurationList;
			buildConfigurations = (
				D6F034FA2CAC5EE400773870 /* Debug */,
				D6F034FB2CAC5EE400773870 /* Release */,
			);
			defaultConfigurationIsVisible = 0;
			defaultConfigurationName = Release;
		};
		D6F034FC2CAC5EE400773870 /* Build configuration list for PBXNativeTarget "Weather-SwiftTests" */ = {
			isa = XCConfigurationList;
			buildConfigurations = (
				D6F034FD2CAC5EE400773870 /* Debug */,
				D6F034FE2CAC5EE400773870 /* Release */,
			);
			defaultConfigurationIsVisible = 0;
			defaultConfigurationName = Release;
		};
		D6F034FF2CAC5EE400773870 /* Build configuration list for PBXNativeTarget "Weather-SwiftUITests" */ = {
			isa = XCConfigurationList;
			buildConfigurations = (
				D6F035002CAC5EE400773870 /* Debug */,
				D6F035012CAC5EE400773870 /* Release */,
			);
			defaultConfigurationIsVisible = 0;
			defaultConfigurationName = Release;
		};
/* End XCConfigurationList section */
	};
	rootObject = D6F034CD2CAC5EE200773870 /* Project object */;
}
